
Microsoft Visual Studio Solution File, Format Version 12.00
# Visual Studio Version 17
VisualStudioVersion = 17.3.32804.467
MinimumVisualStudioVersion = 10.0.40219.1
Project("{8BC9CEB8-8B4A-11D0-8D11-00A0C91BC942}") = "n8", "n8.vcxproj", "{526EA9D9-6574-4600-BA9C-136AABE0C528}"
EndProject
Global
	GlobalSection(SolutionConfigurationPlatforms) = preSolution
		Debug|x64 = Debug|x64
		Debug|x86 = Debug|x86
		Release|x64 = Release|x64
		Release|x86 = Release|x86
	EndGlobalSection
	GlobalSection(ProjectConfigurationPlatforms) = postSolution
		{526EA9D9-6574-4600-BA9C-136AABE0C528}.Debug|x64.ActiveCfg = Debug|x64
		{526EA9D9-6574-4600-BA9C-136AABE0C528}.Debug|x64.Build.0 = Debug|x64
		{526EA9D9-6574-4600-BA9C-136AABE0C528}.Debug|x86.ActiveCfg = Debug|Win32
		{526EA9D9-6574-4600-BA9C-136AABE0C528}.Debug|x86.Build.0 = Debug|Win32
		{526EA9D9-6574-4600-BA9C-136AABE0C528}.Release|x64.ActiveCfg = Release|x64
		{526EA9D9-6574-4600-BA9C-136AABE0C528}.Release|x64.Build.0 = Release|x64
		{526EA9D9-6574-4600-BA9C-136AABE0C528}.Release|x86.ActiveCfg = Release|Win32
		{526EA9D9-6574-4600-BA9C-136AABE0C528}.Release|x86.Build.0 = Release|Win32
	EndGlobalSection
	GlobalSection(SolutionProperties) = preSolution
		HideSolutionNode = FALSE
	EndGlobalSection
	GlobalSection(ExtensibilityGlobals) = postSolution
		SolutionGuid = {4DF2E295-53D7-4671-8698-57B8D35AC3EF}
	EndGlobalSection
EndGlobal
