
Microsoft Visual Studio Solution File, Format Version 12.00
# Visual Studio Version 17
VisualStudioVersion = 17.4.33103.184
MinimumVisualStudioVersion = 10.0.40219.1
Project("{8BC9CEB8-8B4A-11D0-8D11-00A0C91BC942}") = "n1", "..\n1\n1.vcxproj", "{9A582079-B97E-42B5-A608-FA9AFF6DC665}"
EndProject
Project("{8BC9CEB8-8B4A-11D0-8D11-00A0C91BC942}") = "n2", "..\n2\n2.vcxproj", "{C87F7630-E757-41BD-87B4-7D252A98B74E}"
EndProject
Project("{8BC9CEB8-8B4A-11D0-8D11-00A0C91BC942}") = "n3", "..\n3\n3.vcxproj", "{6B2B4DEE-6230-4D5E-85CE-00B91891D9D3}"
EndProject
Global
	GlobalSection(SolutionConfigurationPlatforms) = preSolution
		Debug|x64 = Debug|x64
		Debug|x86 = Debug|x86
		Release|x64 = Release|x64
		Release|x86 = Release|x86
	EndGlobalSection
	GlobalSection(ProjectConfigurationPlatforms) = postSolution
		{9A582079-B97E-42B5-A608-FA9AFF6DC665}.Debug|x64.ActiveCfg = Debug|x64
		{9A582079-B97E-42B5-A608-FA9AFF6DC665}.Debug|x64.Build.0 = Debug|x64
		{9A582079-B97E-42B5-A608-FA9AFF6DC665}.Debug|x86.ActiveCfg = Debug|Win32
		{9A582079-B97E-42B5-A608-FA9AFF6DC665}.Debug|x86.Build.0 = Debug|Win32
		{9A582079-B97E-42B5-A608-FA9AFF6DC665}.Release|x64.ActiveCfg = Release|x64
		{9A582079-B97E-42B5-A608-FA9AFF6DC665}.Release|x64.Build.0 = Release|x64
		{9A582079-B97E-42B5-A608-FA9AFF6DC665}.Release|x86.ActiveCfg = Release|Win32
		{9A582079-B97E-42B5-A608-FA9AFF6DC665}.Release|x86.Build.0 = Release|Win32
		{C87F7630-E757-41BD-87B4-7D252A98B74E}.Debug|x64.ActiveCfg = Debug|x64
		{C87F7630-E757-41BD-87B4-7D252A98B74E}.Debug|x64.Build.0 = Debug|x64
		{C87F7630-E757-41BD-87B4-7D252A98B74E}.Debug|x86.ActiveCfg = Debug|Win32
		{C87F7630-E757-41BD-87B4-7D252A98B74E}.Debug|x86.Build.0 = Debug|Win32
		{C87F7630-E757-41BD-87B4-7D252A98B74E}.Release|x64.ActiveCfg = Release|x64
		{C87F7630-E757-41BD-87B4-7D252A98B74E}.Release|x64.Build.0 = Release|x64
		{C87F7630-E757-41BD-87B4-7D252A98B74E}.Release|x86.ActiveCfg = Release|Win32
		{C87F7630-E757-41BD-87B4-7D252A98B74E}.Release|x86.Build.0 = Release|Win32
		{6B2B4DEE-6230-4D5E-85CE-00B91891D9D3}.Debug|x64.ActiveCfg = Debug|x64
		{6B2B4DEE-6230-4D5E-85CE-00B91891D9D3}.Debug|x64.Build.0 = Debug|x64
		{6B2B4DEE-6230-4D5E-85CE-00B91891D9D3}.Debug|x86.ActiveCfg = Debug|Win32
		{6B2B4DEE-6230-4D5E-85CE-00B91891D9D3}.Debug|x86.Build.0 = Debug|Win32
		{6B2B4DEE-6230-4D5E-85CE-00B91891D9D3}.Release|x64.ActiveCfg = Release|x64
		{6B2B4DEE-6230-4D5E-85CE-00B91891D9D3}.Release|x64.Build.0 = Release|x64
		{6B2B4DEE-6230-4D5E-85CE-00B91891D9D3}.Release|x86.ActiveCfg = Release|Win32
		{6B2B4DEE-6230-4D5E-85CE-00B91891D9D3}.Release|x86.Build.0 = Release|Win32
	EndGlobalSection
	GlobalSection(SolutionProperties) = preSolution
		HideSolutionNode = FALSE
	EndGlobalSection
	GlobalSection(ExtensibilityGlobals) = postSolution
		SolutionGuid = {F1002968-4868-461C-B247-8147496832D7}
	EndGlobalSection
EndGlobal
