
Microsoft Visual Studio Solution File, Format Version 12.00
# Visual Studio Version 17
VisualStudioVersion = 17.3.32804.467
MinimumVisualStudioVersion = 10.0.40219.1
Project("{8BC9CEB8-8B4A-11D0-8D11-00A0C91BC942}") = "n5", "n5.vcxproj", "{0801DED5-FD3A-4021-9395-C65F864E62AE}"
EndProject
Global
	GlobalSection(SolutionConfigurationPlatforms) = preSolution
		Debug|x64 = Debug|x64
		Debug|x86 = Debug|x86
		Release|x64 = Release|x64
		Release|x86 = Release|x86
	EndGlobalSection
	GlobalSection(ProjectConfigurationPlatforms) = postSolution
		{0801DED5-FD3A-4021-9395-C65F864E62AE}.Debug|x64.ActiveCfg = Debug|x64
		{0801DED5-FD3A-4021-9395-C65F864E62AE}.Debug|x64.Build.0 = Debug|x64
		{0801DED5-FD3A-4021-9395-C65F864E62AE}.Debug|x86.ActiveCfg = Debug|Win32
		{0801DED5-FD3A-4021-9395-C65F864E62AE}.Debug|x86.Build.0 = Debug|Win32
		{0801DED5-FD3A-4021-9395-C65F864E62AE}.Release|x64.ActiveCfg = Release|x64
		{0801DED5-FD3A-4021-9395-C65F864E62AE}.Release|x64.Build.0 = Release|x64
		{0801DED5-FD3A-4021-9395-C65F864E62AE}.Release|x86.ActiveCfg = Release|Win32
		{0801DED5-FD3A-4021-9395-C65F864E62AE}.Release|x86.Build.0 = Release|Win32
	EndGlobalSection
	GlobalSection(SolutionProperties) = preSolution
		HideSolutionNode = FALSE
	EndGlobalSection
	GlobalSection(ExtensibilityGlobals) = postSolution
		SolutionGuid = {F7368BAE-2407-4ED3-A829-2BE30586F441}
	EndGlobalSection
EndGlobal
